// !$*UTF8*$!
{
	archiveVersion = 1;
	classes = {
	};
	objectVersion = 56;
	objects = {

/* Begin PBXBuildFile section */
		920470682C9A6FC200D547FB /* AppDelegate.swift in Sources */ = {isa = PBXBuildFile; fileRef = 920470672C9A6FC200D547FB /* AppDelegate.swift */; };
		9204706A2C9A6FC200D547FB /* SceneDelegate.swift in Sources */ = {isa = PBXBuildFile; fileRef = 920470692C9A6FC200D547FB /* SceneDelegate.swift */; };
		9204706C2C9A6FC200D547FB /* ViewController.swift in Sources */ = {isa = PBXBuildFile; fileRef = 9204706B2C9A6FC200D547FB /* ViewController.swift */; };
		920470712C9A6FC400D547FB /* Assets.xcassets in Resources */ = {isa = PBXBuildFile; fileRef = 920470702C9A6FC400D547FB /* Assets.xcassets */; };
		920470742C9A6FC400D547FB /* LaunchScreen.storyboard in Resources */ = {isa = PBXBuildFile; fileRef = 920470722C9A6FC400D547FB /* LaunchScreen.storyboard */; };
		920470812C9A762200D547FB /* Font.swift in Sources */ = {isa = PBXBuildFile; fileRef = 920470802C9A762200D547FB /* Font.swift */; };
		920470832C9A768200D547FB /* UIFont+.swift in Sources */ = {isa = PBXBuildFile; fileRef = 920470822C9A768200D547FB /* UIFont+.swift */; };
		920470852C9A76F700D547FB /* UIFontMetrics+.swift in Sources */ = {isa = PBXBuildFile; fileRef = 920470842C9A76F700D547FB /* UIFontMetrics+.swift */; };
		9204708B2C9A90CA00D547FB /* MainButton.swift in Sources */ = {isa = PBXBuildFile; fileRef = 9204708A2C9A90C900D547FB /* MainButton.swift */; };
		9204708E2C9A93B300D547FB /* SnapKit in Frameworks */ = {isa = PBXBuildFile; productRef = 9204708D2C9A93B300D547FB /* SnapKit */; };
		920470902C9A93B300D547FB /* SnapKit-Dynamic in Frameworks */ = {isa = PBXBuildFile; productRef = 9204708F2C9A93B300D547FB /* SnapKit-Dynamic */; };
		9204709D2C9B2C2200D547FB /* TextButton.swift in Sources */ = {isa = PBXBuildFile; fileRef = 9204709C2C9B2C2200D547FB /* TextButton.swift */; };
		920470A52C9BBC6B00D547FB /* UIImage+.swift in Sources */ = {isa = PBXBuildFile; fileRef = 920470A42C9BBC6B00D547FB /* UIImage+.swift */; };
/* End PBXBuildFile section */

/* Begin PBXFileReference section */
		920470642C9A6FC200D547FB /* echog.app */ = {isa = PBXFileReference; explicitFileType = wrapper.application; includeInIndex = 0; path = echog.app; sourceTree = BUILT_PRODUCTS_DIR; };
		920470672C9A6FC200D547FB /* AppDelegate.swift */ = {isa = PBXFileReference; lastKnownFileType = sourcecode.swift; path = AppDelegate.swift; sourceTree = "<group>"; };
		920470692C9A6FC200D547FB /* SceneDelegate.swift */ = {isa = PBXFileReference; lastKnownFileType = sourcecode.swift; path = SceneDelegate.swift; sourceTree = "<group>"; };
		9204706B2C9A6FC200D547FB /* ViewController.swift */ = {isa = PBXFileReference; lastKnownFileType = sourcecode.swift; path = ViewController.swift; sourceTree = "<group>"; };
		920470702C9A6FC400D547FB /* Assets.xcassets */ = {isa = PBXFileReference; lastKnownFileType = folder.assetcatalog; path = Assets.xcassets; sourceTree = "<group>"; };
		920470732C9A6FC400D547FB /* Base */ = {isa = PBXFileReference; lastKnownFileType = file.storyboard; name = Base; path = Base.lproj/LaunchScreen.storyboard; sourceTree = "<group>"; };
		920470752C9A6FC400D547FB /* Info.plist */ = {isa = PBXFileReference; lastKnownFileType = text.plist.xml; path = Info.plist; sourceTree = "<group>"; };
		9204707E2C9A760300D547FB /* Pretendard-SemiBold.otf */ = {isa = PBXFileReference; lastKnownFileType = file; path = "Pretendard-SemiBold.otf"; sourceTree = "<group>"; };
		9204707F2C9A760F00D547FB /* Pretendard-Medium.otf */ = {isa = PBXFileReference; lastKnownFileType = file; path = "Pretendard-Medium.otf"; sourceTree = "<group>"; };
		920470802C9A762200D547FB /* Font.swift */ = {isa = PBXFileReference; lastKnownFileType = sourcecode.swift; path = Font.swift; sourceTree = "<group>"; };
		920470822C9A768200D547FB /* UIFont+.swift */ = {isa = PBXFileReference; lastKnownFileType = sourcecode.swift; path = "UIFont+.swift"; sourceTree = "<group>"; };
		920470842C9A76F700D547FB /* UIFontMetrics+.swift */ = {isa = PBXFileReference; lastKnownFileType = sourcecode.swift; path = "UIFontMetrics+.swift"; sourceTree = "<group>"; };
		920470872C9A7A7300D547FB /* Pretendard-Regular.otf */ = {isa = PBXFileReference; lastKnownFileType = file; path = "Pretendard-Regular.otf"; sourceTree = "<group>"; };
		9204708A2C9A90C900D547FB /* MainButton.swift */ = {isa = PBXFileReference; lastKnownFileType = sourcecode.swift; path = MainButton.swift; sourceTree = "<group>"; };
		9204709A2C9B252A00D547FB /* OTSBAggroM.otf */ = {isa = PBXFileReference; lastKnownFileType = file; path = OTSBAggroM.otf; sourceTree = "<group>"; };
		9204709C2C9B2C2200D547FB /* TextButton.swift */ = {isa = PBXFileReference; lastKnownFileType = sourcecode.swift; path = TextButton.swift; sourceTree = "<group>"; };
		920470A42C9BBC6B00D547FB /* UIImage+.swift */ = {isa = PBXFileReference; lastKnownFileType = sourcecode.swift; path = "UIImage+.swift"; sourceTree = "<group>"; };
/* End PBXFileReference section */

/* Begin PBXFrameworksBuildPhase section */
		920470612C9A6FC200D547FB /* Frameworks */ = {
			isa = PBXFrameworksBuildPhase;
			buildActionMask = 2147483647;
			files = (
				9204708E2C9A93B300D547FB /* SnapKit in Frameworks */,
				920470902C9A93B300D547FB /* SnapKit-Dynamic in Frameworks */,
			);
			runOnlyForDeploymentPostprocessing = 0;
		};
/* End PBXFrameworksBuildPhase section */

/* Begin PBXGroup section */
		9204705B2C9A6FC200D547FB = {
			isa = PBXGroup;
			children = (
				920470662C9A6FC200D547FB /* echog */,
				920470652C9A6FC200D547FB /* Products */,
			);
			sourceTree = "<group>";
		};
		920470652C9A6FC200D547FB /* Products */ = {
			isa = PBXGroup;
			children = (
				920470642C9A6FC200D547FB /* echog.app */,
			);
			name = Products;
			sourceTree = "<group>";
		};
		920470662C9A6FC200D547FB /* echog */ = {
			isa = PBXGroup;
			children = (
				9204707B2C9A75D000D547FB /* Application */,
				920470912C9ACBA700D547FB /* Presentation */,
				920470922C9ACBBA00D547FB /* Domain */,
				920470932C9ACBBF00D547FB /* Data */,
				9204707C2C9A75DD00D547FB /* Design System */,
				920470702C9A6FC400D547FB /* Assets.xcassets */,
				920470722C9A6FC400D547FB /* LaunchScreen.storyboard */,
				920470752C9A6FC400D547FB /* Info.plist */,
			);
			path = echog;
			sourceTree = "<group>";
		};
		9204707B2C9A75D000D547FB /* Application */ = {
			isa = PBXGroup;
			children = (
				920470672C9A6FC200D547FB /* AppDelegate.swift */,
				920470692C9A6FC200D547FB /* SceneDelegate.swift */,
			);
			path = Application;
			sourceTree = "<group>";
		};
		9204707C2C9A75DD00D547FB /* Design System */ = {
			isa = PBXGroup;
			children = (
				920470A32C9BBC5B00D547FB /* Extension */,
				920470882C9A909A00D547FB /* Compoment */,
				9204707D2C9A75F000D547FB /* Font */,
			);
			path = "Design System";
			sourceTree = "<group>";
		};
		9204707D2C9A75F000D547FB /* Font */ = {
			isa = PBXGroup;
			children = (
				9204707E2C9A760300D547FB /* Pretendard-SemiBold.otf */,
				920470872C9A7A7300D547FB /* Pretendard-Regular.otf */,
				9204707F2C9A760F00D547FB /* Pretendard-Medium.otf */,
				9204709A2C9B252A00D547FB /* OTSBAggroM.otf */,
				920470802C9A762200D547FB /* Font.swift */,
				920470822C9A768200D547FB /* UIFont+.swift */,
				920470842C9A76F700D547FB /* UIFontMetrics+.swift */,
			);
			path = Font;
			sourceTree = "<group>";
		};
		920470882C9A909A00D547FB /* Compoment */ = {
			isa = PBXGroup;
			children = (
				920470892C9A90AD00D547FB /* Button */,
			);
			path = Compoment;
			sourceTree = "<group>";
		};
		920470892C9A90AD00D547FB /* Button */ = {
			isa = PBXGroup;
			children = (
				9204708A2C9A90C900D547FB /* MainButton.swift */,
				9204709C2C9B2C2200D547FB /* TextButton.swift */,
			);
			path = Button;
			sourceTree = "<group>";
		};
		920470912C9ACBA700D547FB /* Presentation */ = {
			isa = PBXGroup;
			children = (
				9204706B2C9A6FC200D547FB /* ViewController.swift */,
			);
			path = Presentation;
			sourceTree = "<group>";
		};
		920470922C9ACBBA00D547FB /* Domain */ = {
			isa = PBXGroup;
			children = (
			);
			path = Domain;
			sourceTree = "<group>";
		};
		920470932C9ACBBF00D547FB /* Data */ = {
			isa = PBXGroup;
			children = (
			);
			path = Data;
			sourceTree = "<group>";
		};
		920470A32C9BBC5B00D547FB /* Extension */ = {
			isa = PBXGroup;
			children = (
				920470A42C9BBC6B00D547FB /* UIImage+.swift */,
			);
			path = Extension;
			sourceTree = "<group>";
		};
/* End PBXGroup section */

/* Begin PBXNativeTarget section */
		920470632C9A6FC200D547FB /* echog */ = {
			isa = PBXNativeTarget;
			buildConfigurationList = 920470782C9A6FC400D547FB /* Build configuration list for PBXNativeTarget "echog" */;
			buildPhases = (
				920470602C9A6FC200D547FB /* Sources */,
				920470612C9A6FC200D547FB /* Frameworks */,
				920470622C9A6FC200D547FB /* Resources */,
			);
			buildRules = (
			);
			dependencies = (
			);
			name = echog;
			packageProductDependencies = (
				9204708D2C9A93B300D547FB /* SnapKit */,
				9204708F2C9A93B300D547FB /* SnapKit-Dynamic */,
			);
			productName = echog;
			productReference = 920470642C9A6FC200D547FB /* echog.app */;
			productType = "com.apple.product-type.application";
		};
/* End PBXNativeTarget section */

/* Begin PBXProject section */
		9204705C2C9A6FC200D547FB /* Project object */ = {
			isa = PBXProject;
			attributes = {
				BuildIndependentTargetsInParallel = 1;
				LastSwiftUpdateCheck = 1500;
				LastUpgradeCheck = 1500;
				TargetAttributes = {
					920470632C9A6FC200D547FB = {
						CreatedOnToolsVersion = 15.0;
					};
				};
			};
			buildConfigurationList = 9204705F2C9A6FC200D547FB /* Build configuration list for PBXProject "echog" */;
			compatibilityVersion = "Xcode 14.0";
			developmentRegion = en;
			hasScannedForEncodings = 0;
			knownRegions = (
				en,
				Base,
			);
			mainGroup = 9204705B2C9A6FC200D547FB;
			packageReferences = (
				9204708C2C9A93B300D547FB /* XCRemoteSwiftPackageReference "SnapKit" */,
			);
			productRefGroup = 920470652C9A6FC200D547FB /* Products */;
			projectDirPath = "";
			projectRoot = "";
			targets = (
				920470632C9A6FC200D547FB /* echog */,
			);
		};
/* End PBXProject section */

/* Begin PBXResourcesBuildPhase section */
		920470622C9A6FC200D547FB /* Resources */ = {
			isa = PBXResourcesBuildPhase;
			buildActionMask = 2147483647;
			files = (
				920470742C9A6FC400D547FB /* LaunchScreen.storyboard in Resources */,
				920470712C9A6FC400D547FB /* Assets.xcassets in Resources */,
			);
			runOnlyForDeploymentPostprocessing = 0;
		};
/* End PBXResourcesBuildPhase section */

/* Begin PBXSourcesBuildPhase section */
		920470602C9A6FC200D547FB /* Sources */ = {
			isa = PBXSourcesBuildPhase;
			buildActionMask = 2147483647;
			files = (
				920470812C9A762200D547FB /* Font.swift in Sources */,
				9204706C2C9A6FC200D547FB /* ViewController.swift in Sources */,
				9204708B2C9A90CA00D547FB /* MainButton.swift in Sources */,
				920470832C9A768200D547FB /* UIFont+.swift in Sources */,
				9204709D2C9B2C2200D547FB /* TextButton.swift in Sources */,
				920470682C9A6FC200D547FB /* AppDelegate.swift in Sources */,
				920470852C9A76F700D547FB /* UIFontMetrics+.swift in Sources */,
				920470A52C9BBC6B00D547FB /* UIImage+.swift in Sources */,
				9204706A2C9A6FC200D547FB /* SceneDelegate.swift in Sources */,
			);
			runOnlyForDeploymentPostprocessing = 0;
		};
/* End PBXSourcesBuildPhase section */

/* Begin PBXVariantGroup section */
		920470722C9A6FC400D547FB /* LaunchScreen.storyboard */ = {
			isa = PBXVariantGroup;
			children = (
				920470732C9A6FC400D547FB /* Base */,
			);
			name = LaunchScreen.storyboard;
			sourceTree = "<group>";
		};
/* End PBXVariantGroup section */

/* Begin XCBuildConfiguration section */
		920470762C9A6FC400D547FB /* Debug */ = {
			isa = XCBuildConfiguration;
			buildSettings = {
				ALWAYS_SEARCH_USER_PATHS = NO;
				ASSETCATALOG_COMPILER_GENERATE_SWIFT_ASSET_SYMBOL_EXTENSIONS = YES;
				CLANG_ANALYZER_NONNULL = YES;
				CLANG_ANALYZER_NUMBER_OBJECT_CONVERSION = YES_AGGRESSIVE;
				CLANG_CXX_LANGUAGE_STANDARD = "gnu++20";
				CLANG_ENABLE_MODULES = YES;
				CLANG_ENABLE_OBJC_ARC = YES;
				CLANG_ENABLE_OBJC_WEAK = YES;
				CLANG_WARN_BLOCK_CAPTURE_AUTORELEASING = YES;
				CLANG_WARN_BOOL_CONVERSION = YES;
				CLANG_WARN_COMMA = YES;
				CLANG_WARN_CONSTANT_CONVERSION = YES;
				CLANG_WARN_DEPRECATED_OBJC_IMPLEMENTATIONS = YES;
				CLANG_WARN_DIRECT_OBJC_ISA_USAGE = YES_ERROR;
				CLANG_WARN_DOCUMENTATION_COMMENTS = YES;
				CLANG_WARN_EMPTY_BODY = YES;
				CLANG_WARN_ENUM_CONVERSION = YES;
				CLANG_WARN_INFINITE_RECURSION = YES;
				CLANG_WARN_INT_CONVERSION = YES;
				CLANG_WARN_NON_LITERAL_NULL_CONVERSION = YES;
				CLANG_WARN_OBJC_IMPLICIT_RETAIN_SELF = YES;
				CLANG_WARN_OBJC_LITERAL_CONVERSION = YES;
				CLANG_WARN_OBJC_ROOT_CLASS = YES_ERROR;
				CLANG_WARN_QUOTED_INCLUDE_IN_FRAMEWORK_HEADER = YES;
				CLANG_WARN_RANGE_LOOP_ANALYSIS = YES;
				CLANG_WARN_STRICT_PROTOTYPES = YES;
				CLANG_WARN_SUSPICIOUS_MOVE = YES;
				CLANG_WARN_UNGUARDED_AVAILABILITY = YES_AGGRESSIVE;
				CLANG_WARN_UNREACHABLE_CODE = YES;
				CLANG_WARN__DUPLICATE_METHOD_MATCH = YES;
				COPY_PHASE_STRIP = NO;
				DEBUG_INFORMATION_FORMAT = dwarf;
				ENABLE_STRICT_OBJC_MSGSEND = YES;
				ENABLE_TESTABILITY = YES;
				ENABLE_USER_SCRIPT_SANDBOXING = YES;
				GCC_C_LANGUAGE_STANDARD = gnu17;
				GCC_DYNAMIC_NO_PIC = NO;
				GCC_NO_COMMON_BLOCKS = YES;
				GCC_OPTIMIZATION_LEVEL = 0;
				GCC_PREPROCESSOR_DEFINITIONS = (
					"DEBUG=1",
					"$(inherited)",
				);
				GCC_WARN_64_TO_32_BIT_CONVERSION = YES;
				GCC_WARN_ABOUT_RETURN_TYPE = YES_ERROR;
				GCC_WARN_UNDECLARED_SELECTOR = YES;
				GCC_WARN_UNINITIALIZED_AUTOS = YES_AGGRESSIVE;
				GCC_WARN_UNUSED_FUNCTION = YES;
				GCC_WARN_UNUSED_VARIABLE = YES;
				IPHONEOS_DEPLOYMENT_TARGET = 17.0;
				LOCALIZATION_PREFERS_STRING_CATALOGS = YES;
				MTL_ENABLE_DEBUG_INFO = INCLUDE_SOURCE;
				MTL_FAST_MATH = YES;
				ONLY_ACTIVE_ARCH = YES;
				SDKROOT = iphoneos;
				SWIFT_ACTIVE_COMPILATION_CONDITIONS = "DEBUG $(inherited)";
				SWIFT_OPTIMIZATION_LEVEL = "-Onone";
			};
			name = Debug;
		};
		920470772C9A6FC400D547FB /* Release */ = {
			isa = XCBuildConfiguration;
			buildSettings = {
				ALWAYS_SEARCH_USER_PATHS = NO;
				ASSETCATALOG_COMPILER_GENERATE_SWIFT_ASSET_SYMBOL_EXTENSIONS = YES;
				CLANG_ANALYZER_NONNULL = YES;
				CLANG_ANALYZER_NUMBER_OBJECT_CONVERSION = YES_AGGRESSIVE;
				CLANG_CXX_LANGUAGE_STANDARD = "gnu++20";
				CLANG_ENABLE_MODULES = YES;
				CLANG_ENABLE_OBJC_ARC = YES;
				CLANG_ENABLE_OBJC_WEAK = YES;
				CLANG_WARN_BLOCK_CAPTURE_AUTORELEASING = YES;
				CLANG_WARN_BOOL_CONVERSION = YES;
				CLANG_WARN_COMMA = YES;
				CLANG_WARN_CONSTANT_CONVERSION = YES;
				CLANG_WARN_DEPRECATED_OBJC_IMPLEMENTATIONS = YES;
				CLANG_WARN_DIRECT_OBJC_ISA_USAGE = YES_ERROR;
				CLANG_WARN_DOCUMENTATION_COMMENTS = YES;
				CLANG_WARN_EMPTY_BODY = YES;
				CLANG_WARN_ENUM_CONVERSION = YES;
				CLANG_WARN_INFINITE_RECURSION = YES;
				CLANG_WARN_INT_CONVERSION = YES;
				CLANG_WARN_NON_LITERAL_NULL_CONVERSION = YES;
				CLANG_WARN_OBJC_IMPLICIT_RETAIN_SELF = YES;
				CLANG_WARN_OBJC_LITERAL_CONVERSION = YES;
				CLANG_WARN_OBJC_ROOT_CLASS = YES_ERROR;
				CLANG_WARN_QUOTED_INCLUDE_IN_FRAMEWORK_HEADER = YES;
				CLANG_WARN_RANGE_LOOP_ANALYSIS = YES;
				CLANG_WARN_STRICT_PROTOTYPES = YES;
				CLANG_WARN_SUSPICIOUS_MOVE = YES;
				CLANG_WARN_UNGUARDED_AVAILABILITY = YES_AGGRESSIVE;
				CLANG_WARN_UNREACHABLE_CODE = YES;
				CLANG_WARN__DUPLICATE_METHOD_MATCH = YES;
				COPY_PHASE_STRIP = NO;
				DEBUG_INFORMATION_FORMAT = "dwarf-with-dsym";
				ENABLE_NS_ASSERTIONS = NO;
				ENABLE_STRICT_OBJC_MSGSEND = YES;
				ENABLE_USER_SCRIPT_SANDBOXING = YES;
				GCC_C_LANGUAGE_STANDARD = gnu17;
				GCC_NO_COMMON_BLOCKS = YES;
				GCC_WARN_64_TO_32_BIT_CONVERSION = YES;
				GCC_WARN_ABOUT_RETURN_TYPE = YES_ERROR;
				GCC_WARN_UNDECLARED_SELECTOR = YES;
				GCC_WARN_UNINITIALIZED_AUTOS = YES_AGGRESSIVE;
				GCC_WARN_UNUSED_FUNCTION = YES;
				GCC_WARN_UNUSED_VARIABLE = YES;
				IPHONEOS_DEPLOYMENT_TARGET = 17.0;
				LOCALIZATION_PREFERS_STRING_CATALOGS = YES;
				MTL_ENABLE_DEBUG_INFO = NO;
				MTL_FAST_MATH = YES;
				SDKROOT = iphoneos;
				SWIFT_COMPILATION_MODE = wholemodule;
				VALIDATE_PRODUCT = YES;
			};
			name = Release;
		};
		920470792C9A6FC400D547FB /* Debug */ = {
			isa = XCBuildConfiguration;
			buildSettings = {
				ASSETCATALOG_COMPILER_APPICON_NAME = AppIcon;
				ASSETCATALOG_COMPILER_GLOBAL_ACCENT_COLOR_NAME = AccentColor;
				CODE_SIGN_STYLE = Automatic;
				CURRENT_PROJECT_VERSION = 1;
				DEVELOPMENT_TEAM = BMG3X5CM6G;
				GENERATE_INFOPLIST_FILE = YES;
				INFOPLIST_FILE = echog/Info.plist;
				INFOPLIST_KEY_UIApplicationSupportsIndirectInputEvents = YES;
				INFOPLIST_KEY_UILaunchStoryboardName = LaunchScreen;
				INFOPLIST_KEY_UISupportedInterfaceOrientations_iPad = "UIInterfaceOrientationPortrait UIInterfaceOrientationPortraitUpsideDown UIInterfaceOrientationLandscapeLeft UIInterfaceOrientationLandscapeRight";
				INFOPLIST_KEY_UISupportedInterfaceOrientations_iPhone = "UIInterfaceOrientationPortrait UIInterfaceOrientationLandscapeLeft UIInterfaceOrientationLandscapeRight";
				LD_RUNPATH_SEARCH_PATHS = (
					"$(inherited)",
					"@executable_path/Frameworks",
				);
				MARKETING_VERSION = 1.0;
				PRODUCT_BUNDLE_IDENTIFIER = kr.traum.marchen.echog;
				PRODUCT_NAME = "$(TARGET_NAME)";
				SWIFT_EMIT_LOC_STRINGS = YES;
				SWIFT_VERSION = 5.0;
				TARGETED_DEVICE_FAMILY = "1,2";
			};
			name = Debug;
		};
		9204707A2C9A6FC400D547FB /* Release */ = {
			isa = XCBuildConfiguration;
			buildSettings = {
				ASSETCATALOG_COMPILER_APPICON_NAME = AppIcon;
				ASSETCATALOG_COMPILER_GLOBAL_ACCENT_COLOR_NAME = AccentColor;
				CODE_SIGN_STYLE = Automatic;
				CURRENT_PROJECT_VERSION = 1;
				DEVELOPMENT_TEAM = BMG3X5CM6G;
				GENERATE_INFOPLIST_FILE = YES;
				INFOPLIST_FILE = echog/Info.plist;
				INFOPLIST_KEY_UIApplicationSupportsIndirectInputEvents = YES;
				INFOPLIST_KEY_UILaunchStoryboardName = LaunchScreen;
				INFOPLIST_KEY_UISupportedInterfaceOrientations_iPad = "UIInterfaceOrientationPortrait UIInterfaceOrientationPortraitUpsideDown UIInterfaceOrientationLandscapeLeft UIInterfaceOrientationLandscapeRight";
				INFOPLIST_KEY_UISupportedInterfaceOrientations_iPhone = "UIInterfaceOrientationPortrait UIInterfaceOrientationLandscapeLeft UIInterfaceOrientationLandscapeRight";
				LD_RUNPATH_SEARCH_PATHS = (
					"$(inherited)",
					"@executable_path/Frameworks",
				);
				MARKETING_VERSION = 1.0;
				PRODUCT_BUNDLE_IDENTIFIER = kr.traum.marchen.echog;
				PRODUCT_NAME = "$(TARGET_NAME)";
				SWIFT_EMIT_LOC_STRINGS = YES;
				SWIFT_VERSION = 5.0;
				TARGETED_DEVICE_FAMILY = "1,2";
			};
			name = Release;
		};
/* End XCBuildConfiguration section */

/* Begin XCConfigurationList section */
		9204705F2C9A6FC200D547FB /* Build configuration list for PBXProject "echog" */ = {
			isa = XCConfigurationList;
			buildConfigurations = (
				920470762C9A6FC400D547FB /* Debug */,
				920470772C9A6FC400D547FB /* Release */,
			);
			defaultConfigurationIsVisible = 0;
			defaultConfigurationName = Release;
		};
		920470782C9A6FC400D547FB /* Build configuration list for PBXNativeTarget "echog" */ = {
			isa = XCConfigurationList;
			buildConfigurations = (
				920470792C9A6FC400D547FB /* Debug */,
				9204707A2C9A6FC400D547FB /* Release */,
			);
			defaultConfigurationIsVisible = 0;
			defaultConfigurationName = Release;
		};
/* End XCConfigurationList section */

/* Begin XCRemoteSwiftPackageReference section */
		9204708C2C9A93B300D547FB /* XCRemoteSwiftPackageReference "SnapKit" */ = {
			isa = XCRemoteSwiftPackageReference;
			repositoryURL = "https://github.com/SnapKit/SnapKit.git";
			requirement = {
				kind = upToNextMajorVersion;
				minimumVersion = 5.7.1;
			};
		};
/* End XCRemoteSwiftPackageReference section */

/* Begin XCSwiftPackageProductDependency section */
		9204708D2C9A93B300D547FB /* SnapKit */ = {
			isa = XCSwiftPackageProductDependency;
			package = 9204708C2C9A93B300D547FB /* XCRemoteSwiftPackageReference "SnapKit" */;
			productName = SnapKit;
		};
		9204708F2C9A93B300D547FB /* SnapKit-Dynamic */ = {
			isa = XCSwiftPackageProductDependency;
			package = 9204708C2C9A93B300D547FB /* XCRemoteSwiftPackageReference "SnapKit" */;
			productName = "SnapKit-Dynamic";
		};
/* End XCSwiftPackageProductDependency section */
	};
	rootObject = 9204705C2C9A6FC200D547FB /* Project object */;
}
